
Microsoft Visual Studio Solution File, Format Version 12.00
# Visual Studio 15
VisualStudioVersion = 15.0.27428.2015
MinimumVisualStudioVersion = 10.0.40219.1
Project("{FAE04EC0-301F-11D3-BF4B-00C04F79EFBC}") = "MiniInstagram-client", "MiniInstagram-client\MiniInstagram-client.csproj", "{C2BDCFA9-2E61-4D36-98F8-505C4FFDC4BC}"
EndProject
Global
	GlobalSection(SolutionConfigurationPlatforms) = preSolution
		Debug|Any CPU = Debug|Any CPU
		Release|Any CPU = Release|Any CPU
	EndGlobalSection
	GlobalSection(ProjectConfigurationPlatforms) = postSolution
		{C2BDCFA9-2E61-4D36-98F8-505C4FFDC4BC}.Debug|Any CPU.ActiveCfg = Debug|Any CPU
		{C2BDCFA9-2E61-4D36-98F8-505C4FFDC4BC}.Debug|Any CPU.Build.0 = Debug|Any CPU
		{C2BDCFA9-2E61-4D36-98F8-505C4FFDC4BC}.Release|Any CPU.ActiveCfg = Release|Any CPU
		{C2BDCFA9-2E61-4D36-98F8-505C4FFDC4BC}.Release|Any CPU.Build.0 = Release|Any CPU
	EndGlobalSection
	GlobalSection(SolutionProperties) = preSolution
		HideSolutionNode = FALSE
	EndGlobalSection
	GlobalSection(ExtensibilityGlobals) = postSolution
		SolutionGuid = {455E3270-197E-4F4C-BDD0-A238F3D29EE6}
	EndGlobalSection
EndGlobal
